
Microsoft Visual Studio Solution File, Format Version 12.00
Project("{2150E333-8FDC-42A3-9474-1A3956D46DE8}") = "src", "src", "{250D9DD6-A95C-4BC6-9E2A-5A8DC6FB5478}"
EndProject
Project("{2150E333-8FDC-42A3-9474-1A3956D46DE8}") = "tests", "tests", "{8ADD243D-273A-4A07-87FA-FBAE7AB4F576}"
EndProject
Project("{FAE04EC0-301F-11D3-BF4B-00C04F79EFBC}") = "LordOfTheRings", "src\LordOfTheRings\LordOfTheRings.csproj", "{3D64776C-81D7-4233-8901-BCC3127F0CD9}"
EndProject
Project("{FAE04EC0-301F-11D3-BF4B-00C04F79EFBC}") = "LordOfTheRings.App", "src\LordOfTheRings.App\LordOfTheRings.App.csproj", "{6080B54C-2BDC-414E-B1AB-300B169A9A55}"
EndProject
Project("{FAE04EC0-301F-11D3-BF4B-00C04F79EFBC}") = "LordOfTheRings.UnitTests", "tests\LordOfTheRings.UnitTests\LordOfTheRings.UnitTests.csproj", "{0D365DAD-3EA5-4898-A951-8A0A565D3CEE}"
EndProject
Project("{2150E333-8FDC-42A3-9474-1A3956D46DE8}") = "ressources", "ressources", "{FE5D9BC1-A827-4993-895D-6AD160E4B1F4}"
	ProjectSection(SolutionItems) = preProject
		src\resources\coverage.jpeg = src\resources\coverage.jpeg
		readme.md = readme.md
	EndProjectSection
EndProject
Global
	GlobalSection(SolutionConfigurationPlatforms) = preSolution
		Debug|Any CPU = Debug|Any CPU
		Release|Any CPU = Release|Any CPU
	EndGlobalSection
	GlobalSection(ProjectConfigurationPlatforms) = postSolution
		{3D64776C-81D7-4233-8901-BCC3127F0CD9}.Debug|Any CPU.ActiveCfg = Debug|Any CPU
		{3D64776C-81D7-4233-8901-BCC3127F0CD9}.Debug|Any CPU.Build.0 = Debug|Any CPU
		{3D64776C-81D7-4233-8901-BCC3127F0CD9}.Release|Any CPU.ActiveCfg = Release|Any CPU
		{3D64776C-81D7-4233-8901-BCC3127F0CD9}.Release|Any CPU.Build.0 = Release|Any CPU
		{6080B54C-2BDC-414E-B1AB-300B169A9A55}.Debug|Any CPU.ActiveCfg = Debug|Any CPU
		{6080B54C-2BDC-414E-B1AB-300B169A9A55}.Debug|Any CPU.Build.0 = Debug|Any CPU
		{6080B54C-2BDC-414E-B1AB-300B169A9A55}.Release|Any CPU.ActiveCfg = Release|Any CPU
		{6080B54C-2BDC-414E-B1AB-300B169A9A55}.Release|Any CPU.Build.0 = Release|Any CPU
		{0D365DAD-3EA5-4898-A951-8A0A565D3CEE}.Debug|Any CPU.ActiveCfg = Debug|Any CPU
		{0D365DAD-3EA5-4898-A951-8A0A565D3CEE}.Debug|Any CPU.Build.0 = Debug|Any CPU
		{0D365DAD-3EA5-4898-A951-8A0A565D3CEE}.Release|Any CPU.ActiveCfg = Release|Any CPU
		{0D365DAD-3EA5-4898-A951-8A0A565D3CEE}.Release|Any CPU.Build.0 = Release|Any CPU
	EndGlobalSection
	GlobalSection(NestedProjects) = preSolution
		{3D64776C-81D7-4233-8901-BCC3127F0CD9} = {250D9DD6-A95C-4BC6-9E2A-5A8DC6FB5478}
		{6080B54C-2BDC-414E-B1AB-300B169A9A55} = {250D9DD6-A95C-4BC6-9E2A-5A8DC6FB5478}
		{0D365DAD-3EA5-4898-A951-8A0A565D3CEE} = {8ADD243D-273A-4A07-87FA-FBAE7AB4F576}
		{FE5D9BC1-A827-4993-895D-6AD160E4B1F4} = {250D9DD6-A95C-4BC6-9E2A-5A8DC6FB5478}
	EndGlobalSection
EndGlobal
