
Microsoft Visual Studio Solution File, Format Version 12.00
# Visual Studio Version 16
VisualStudioVersion = 25.0.1700.0
MinimumVisualStudioVersion = 10.0.40219.1
Project("{FAE04EC0-301F-11D3-BF4B-00C04F79EFBC}") = "Goat.Examples", "Goat.Examples\Goat.Examples.csproj", "{4B6BF22B-1590-4E6E-B0A4-C808BF8B5EF6}"
EndProject
Project("{FAE04EC0-301F-11D3-BF4B-00C04F79EFBC}") = "Goat.Examples.Tests", "Goat.Examples.Tests\Goat.Examples.Tests.csproj", "{888CCABF-1182-4A4B-945B-62BFD226700B}"
EndProject
Project("{2150E333-8FDC-42A3-9474-1A3956D46DE8}") = "Architecture", "Architecture", "{18839B62-AE57-42A0-8EF0-91EA5DF93C09}"
EndProject
Project("{FAE04EC0-301F-11D3-BF4B-00C04F79EFBC}") = "Goat.Architecture.Tests", "Goat.Architecture.Tests\Goat.Architecture.Tests.csproj", "{6E195A0F-1181-4729-86DD-0B7BA5E78A81}"
EndProject
Project("{FAE04EC0-301F-11D3-BF4B-00C04F79EFBC}") = "Goat.Architecture", "Goat.Architecture\Goat.Architecture.csproj", "{7E336E1D-FAB5-444F-8FF4-1D5960E02A34}"
EndProject
Project("{2150E333-8FDC-42A3-9474-1A3956D46DE8}") = "Examples", "Examples", "{CF9287FF-1E54-4A7B-BCB7-BE5C42AB08D5}"
EndProject
Global
	GlobalSection(SolutionConfigurationPlatforms) = preSolution
		Debug|Any CPU = Debug|Any CPU
		Release|Any CPU = Release|Any CPU
	EndGlobalSection
	GlobalSection(ProjectConfigurationPlatforms) = postSolution
		{4B6BF22B-1590-4E6E-B0A4-C808BF8B5EF6}.Debug|Any CPU.ActiveCfg = Debug|Any CPU
		{4B6BF22B-1590-4E6E-B0A4-C808BF8B5EF6}.Debug|Any CPU.Build.0 = Debug|Any CPU
		{4B6BF22B-1590-4E6E-B0A4-C808BF8B5EF6}.Release|Any CPU.ActiveCfg = Release|Any CPU
		{4B6BF22B-1590-4E6E-B0A4-C808BF8B5EF6}.Release|Any CPU.Build.0 = Release|Any CPU
		{888CCABF-1182-4A4B-945B-62BFD226700B}.Debug|Any CPU.ActiveCfg = Debug|Any CPU
		{888CCABF-1182-4A4B-945B-62BFD226700B}.Debug|Any CPU.Build.0 = Debug|Any CPU
		{888CCABF-1182-4A4B-945B-62BFD226700B}.Release|Any CPU.ActiveCfg = Release|Any CPU
		{888CCABF-1182-4A4B-945B-62BFD226700B}.Release|Any CPU.Build.0 = Release|Any CPU
		{6E195A0F-1181-4729-86DD-0B7BA5E78A81}.Debug|Any CPU.ActiveCfg = Debug|Any CPU
		{6E195A0F-1181-4729-86DD-0B7BA5E78A81}.Debug|Any CPU.Build.0 = Debug|Any CPU
		{6E195A0F-1181-4729-86DD-0B7BA5E78A81}.Release|Any CPU.ActiveCfg = Release|Any CPU
		{6E195A0F-1181-4729-86DD-0B7BA5E78A81}.Release|Any CPU.Build.0 = Release|Any CPU
		{7E336E1D-FAB5-444F-8FF4-1D5960E02A34}.Debug|Any CPU.ActiveCfg = Debug|Any CPU
		{7E336E1D-FAB5-444F-8FF4-1D5960E02A34}.Debug|Any CPU.Build.0 = Debug|Any CPU
		{7E336E1D-FAB5-444F-8FF4-1D5960E02A34}.Release|Any CPU.ActiveCfg = Release|Any CPU
		{7E336E1D-FAB5-444F-8FF4-1D5960E02A34}.Release|Any CPU.Build.0 = Release|Any CPU
	EndGlobalSection
	GlobalSection(SolutionProperties) = preSolution
		HideSolutionNode = FALSE
	EndGlobalSection
	GlobalSection(ExtensibilityGlobals) = postSolution
		SolutionGuid = {1E2726B4-4C75-4B91-8803-4C04EC25F540}
	EndGlobalSection
	GlobalSection(NestedProjects) = preSolution
		{6E195A0F-1181-4729-86DD-0B7BA5E78A81} = {18839B62-AE57-42A0-8EF0-91EA5DF93C09}
		{7E336E1D-FAB5-444F-8FF4-1D5960E02A34} = {18839B62-AE57-42A0-8EF0-91EA5DF93C09}
		{4B6BF22B-1590-4E6E-B0A4-C808BF8B5EF6} = {CF9287FF-1E54-4A7B-BCB7-BE5C42AB08D5}
		{888CCABF-1182-4A4B-945B-62BFD226700B} = {CF9287FF-1E54-4A7B-BCB7-BE5C42AB08D5}
	EndGlobalSection
EndGlobal
